{
	"name": "@grainulation/wheat",
	"version": "1.1.7",
	"lockfileVersion": 3,
	"requires": true,
	"packages": {
		"": {
			"name": "@grainulation/wheat",
			"version": "1.1.7",
			"license": "MIT",
			"dependencies": {
				"@grainulation/barn": "^1.2.2"
			},
			"bin": {
				"wheat": "bin/wheat.js",
				"wheat-mcp": "bin/wheat-mcp.cjs"
			},
			"engines": {
				"node": ">=20"
			}
		},
		"node_modules/@grainulation/barn": {
			"version": "1.2.2",
			"resolved": "https://registry.npmjs.org/@grainulation/barn/-/barn-1.2.2.tgz",
			"integrity": "sha512-cE9cg1CRACkVAxPqDiEb3iEraYrGKPQzsfpUFjZAsarpj3rcosMV3umLrU05nwhMs7a1n9fRNXU31ez370JaiA==",
			"license": "MIT",
			"bin": {
				"barn": "bin/barn.js"
			},
			"engines": {
				"node": ">=20"
			}
		}
	}
}
