{
	"name": "@grainulation/wheat",
	"version": "1.1.7",
	"lockfileVersion": 3,
	"requires": true,
	"packages": {
		"": {
			"name": "@grainulation/wheat",
			"version": "1.1.7",
			"license": "MIT",
			"dependencies": {
				"@grainulation/barn": "^1.3.0"
			},
			"bin": {
				"wheat": "bin/wheat.js",
				"wheat-mcp": "bin/wheat-mcp.cjs"
			},
			"engines": {
				"node": ">=20"
			}
		},
		"node_modules/@grainulation/barn": {
			"version": "1.3.0",
			"resolved": "https://registry.npmjs.org/@grainulation/barn/-/barn-1.3.0.tgz",
			"integrity": "sha512-ZW6rUv6OQzQodQBtHMPcNViIJ6tyjXCTAvTaQunNp1wOQ/obRudqhboDYKBcQyQediGl9GG0WAD7UjG3H9vwRw==",
			"license": "MIT",
			"bin": {
				"barn": "bin/barn.js"
			},
			"engines": {
				"node": ">=20"
			}
		}
	}
}
